// !$*UTF8*$!
{
	archiveVersion = 1;
	classes = {
	};
	objectVersion = 48;
	objects = {

/* Begin PBXBuildFile section */
		ADAD9E472063A1B100BACACE /* AppDelegate.m in Sources */ = {isa = PBXBuildFile; fileRef = ADAD9E462063A1B100BACACE /* AppDelegate.m */; };
		ADAD9E4A2063A1B100BACACE /* ViewController.m in Sources */ = {isa = PBXBuildFile; fileRef = ADAD9E492063A1B100BACACE /* ViewController.m */; };
		ADAD9E4D2063A1B100BACACE /* Main.storyboard in Resources */ = {isa = PBXBuildFile; fileRef = ADAD9E4B2063A1B100BACACE /* Main.storyboard */; };
		ADAD9E4F2063A1B100BACACE /* Assets.xcassets in Resources */ = {isa = PBXBuildFile; fileRef = ADAD9E4E2063A1B100BACACE /* Assets.xcassets */; };
		ADAD9E522063A1B100BACACE /* LaunchScreen.storyboard in Resources */ = {isa = PBXBuildFile; fileRef = ADAD9E502063A1B100BACACE /* LaunchScreen.storyboard */; };
		ADAD9E552063A1B100BACACE /* main.m in Sources */ = {isa = PBXBuildFile; fileRef = ADAD9E542063A1B100BACACE /* main.m */; };
		ADAD9E5E2063A1EC00BACACE /* STKeychain.m in Sources */ = {isa = PBXBuildFile; fileRef = ADAD9E5D2063A1EC00BACACE /* STKeychain.m */; };
/* End PBXBuildFile section */

/* Begin PBXFileReference section */
		ADAD9E422063A1B100BACACE /* KeychainDemo.app */ = {isa = PBXFileReference; explicitFileType = wrapper.application; includeInIndex = 0; path = KeychainDemo.app; sourceTree = BUILT_PRODUCTS_DIR; };
		ADAD9E452063A1B100BACACE /* AppDelegate.h */ = {isa = PBXFileReference; lastKnownFileType = sourcecode.c.h; path = AppDelegate.h; sourceTree = "<group>"; };
		ADAD9E462063A1B100BACACE /* AppDelegate.m */ = {isa = PBXFileReference; lastKnownFileType = sourcecode.c.objc; path = AppDelegate.m; sourceTree = "<group>"; };
		ADAD9E482063A1B100BACACE /* ViewController.h */ = {isa = PBXFileReference; lastKnownFileType = sourcecode.c.h; path = ViewController.h; sourceTree = "<group>"; };
		ADAD9E492063A1B100BACACE /* ViewController.m */ = {isa = PBXFileReference; lastKnownFileType = sourcecode.c.objc; path = ViewController.m; sourceTree = "<group>"; };
		ADAD9E4C2063A1B100BACACE /* Base */ = {isa = PBXFileReference; lastKnownFileType = file.storyboard; name = Base; path = Base.lproj/Main.storyboard; sourceTree = "<group>"; };
		ADAD9E4E2063A1B100BACACE /* Assets.xcassets */ = {isa = PBXFileReference; lastKnownFileType = folder.assetcatalog; path = Assets.xcassets; sourceTree = "<group>"; };
		ADAD9E512063A1B100BACACE /* Base */ = {isa = PBXFileReference; lastKnownFileType = file.storyboard; name = Base; path = Base.lproj/LaunchScreen.storyboard; sourceTree = "<group>"; };
		ADAD9E532063A1B100BACACE /* Info.plist */ = {isa = PBXFileReference; lastKnownFileType = text.plist.xml; path = Info.plist; sourceTree = "<group>"; };
		ADAD9E542063A1B100BACACE /* main.m */ = {isa = PBXFileReference; lastKnownFileType = sourcecode.c.objc; path = main.m; sourceTree = "<group>"; };
		ADAD9E5C2063A1EC00BACACE /* STKeychain.h */ = {isa = PBXFileReference; fileEncoding = 4; lastKnownFileType = sourcecode.c.h; path = STKeychain.h; sourceTree = "<group>"; };
		ADAD9E5D2063A1EC00BACACE /* STKeychain.m */ = {isa = PBXFileReference; fileEncoding = 4; lastKnownFileType = sourcecode.c.objc; path = STKeychain.m; sourceTree = "<group>"; };
/* End PBXFileReference section */

/* Begin PBXFrameworksBuildPhase section */
		ADAD9E3F2063A1B100BACACE /* Frameworks */ = {
			isa = PBXFrameworksBuildPhase;
			buildActionMask = 2147483647;
			files = (
			);
			runOnlyForDeploymentPostprocessing = 0;
		};
/* End PBXFrameworksBuildPhase section */

/* Begin PBXGroup section */
		ADAD9E392063A1B100BACACE = {
			isa = PBXGroup;
			children = (
				ADAD9E442063A1B100BACACE /* KeychainDemo */,
				ADAD9E432063A1B100BACACE /* Products */,
			);
			sourceTree = "<group>";
		};
		ADAD9E432063A1B100BACACE /* Products */ = {
			isa = PBXGroup;
			children = (
				ADAD9E422063A1B100BACACE /* KeychainDemo.app */,
			);
			name = Products;
			sourceTree = "<group>";
		};
		ADAD9E442063A1B100BACACE /* KeychainDemo */ = {
			isa = PBXGroup;
			children = (
				ADAD9E5B2063A1EC00BACACE /* STKeychain */,
				ADAD9E452063A1B100BACACE /* AppDelegate.h */,
				ADAD9E462063A1B100BACACE /* AppDelegate.m */,
				ADAD9E482063A1B100BACACE /* ViewController.h */,
				ADAD9E492063A1B100BACACE /* ViewController.m */,
				ADAD9E4B2063A1B100BACACE /* Main.storyboard */,
				ADAD9E4E2063A1B100BACACE /* Assets.xcassets */,
				ADAD9E502063A1B100BACACE /* LaunchScreen.storyboard */,
				ADAD9E532063A1B100BACACE /* Info.plist */,
				ADAD9E542063A1B100BACACE /* main.m */,
			);
			path = KeychainDemo;
			sourceTree = "<group>";
		};
		ADAD9E5B2063A1EC00BACACE /* STKeychain */ = {
			isa = PBXGroup;
			children = (
				ADAD9E5C2063A1EC00BACACE /* STKeychain.h */,
				ADAD9E5D2063A1EC00BACACE /* STKeychain.m */,
			);
			path = STKeychain;
			sourceTree = "<group>";
		};
/* End PBXGroup section */

/* Begin PBXNativeTarget section */
		ADAD9E412063A1B100BACACE /* KeychainDemo */ = {
			isa = PBXNativeTarget;
			buildConfigurationList = ADAD9E582063A1B100BACACE /* Build configuration list for PBXNativeTarget "KeychainDemo" */;
			buildPhases = (
				ADAD9E3E2063A1B100BACACE /* Sources */,
				ADAD9E3F2063A1B100BACACE /* Frameworks */,
				ADAD9E402063A1B100BACACE /* Resources */,
			);
			buildRules = (
			);
			dependencies = (
			);
			name = KeychainDemo;
			productName = KeychainDemo;
			productReference = ADAD9E422063A1B100BACACE /* KeychainDemo.app */;
			productType = "com.apple.product-type.application";
		};
/* End PBXNativeTarget section */

/* Begin PBXProject section */
		ADAD9E3A2063A1B100BACACE /* Project object */ = {
			isa = PBXProject;
			attributes = {
				LastUpgradeCheck = 0920;
				ORGANIZATIONNAME = ftsafe;
				TargetAttributes = {
					ADAD9E412063A1B100BACACE = {
						CreatedOnToolsVersion = 9.2;
						ProvisioningStyle = Automatic;
					};
				};
			};
			buildConfigurationList = ADAD9E3D2063A1B100BACACE /* Build configuration list for PBXProject "KeychainDemo" */;
			compatibilityVersion = "Xcode 8.0";
			developmentRegion = en;
			hasScannedForEncodings = 0;
			knownRegions = (
				en,
				Base,
			);
			mainGroup = ADAD9E392063A1B100BACACE;
			productRefGroup = ADAD9E432063A1B100BACACE /* Products */;
			projectDirPath = "";
			projectRoot = "";
			targets = (
				ADAD9E412063A1B100BACACE /* KeychainDemo */,
			);
		};
/* End PBXProject section */

/* Begin PBXResourcesBuildPhase section */
		ADAD9E402063A1B100BACACE /* Resources */ = {
			isa = PBXResourcesBuildPhase;
			buildActionMask = 2147483647;
			files = (
				ADAD9E522063A1B100BACACE /* LaunchScreen.storyboard in Resources */,
				ADAD9E4F2063A1B100BACACE /* Assets.xcassets in Resources */,
				ADAD9E4D2063A1B100BACACE /* Main.storyboard in Resources */,
			);
			runOnlyForDeploymentPostprocessing = 0;
		};
/* End PBXResourcesBuildPhase section */

/* Begin PBXSourcesBuildPhase section */
		ADAD9E3E2063A1B100BACACE /* Sources */ = {
			isa = PBXSourcesBuildPhase;
			buildActionMask = 2147483647;
			files = (
				ADAD9E4A2063A1B100BACACE /* ViewController.m in Sources */,
				ADAD9E552063A1B100BACACE /* main.m in Sources */,
				ADAD9E5E2063A1EC00BACACE /* STKeychain.m in Sources */,
				ADAD9E472063A1B100BACACE /* AppDelegate.m in Sources */,
			);
			runOnlyForDeploymentPostprocessing = 0;
		};
/* End PBXSourcesBuildPhase section */

/* Begin PBXVariantGroup section */
		ADAD9E4B2063A1B100BACACE /* Main.storyboard */ = {
			isa = PBXVariantGroup;
			children = (
				ADAD9E4C2063A1B100BACACE /* Base */,
			);
			name = Main.storyboard;
			sourceTree = "<group>";
		};
		ADAD9E502063A1B100BACACE /* LaunchScreen.storyboard */ = {
			isa = PBXVariantGroup;
			children = (
				ADAD9E512063A1B100BACACE /* Base */,
			);
			name = LaunchScreen.storyboard;
			sourceTree = "<group>";
		};
/* End PBXVariantGroup section */

/* Begin XCBuildConfiguration section */
		ADAD9E562063A1B100BACACE /* Debug */ = {
			isa = XCBuildConfiguration;
			buildSettings = {
				ALWAYS_SEARCH_USER_PATHS = NO;
				CLANG_ANALYZER_NONNULL = YES;
				CLANG_ANALYZER_NUMBER_OBJECT_CONVERSION = YES_AGGRESSIVE;
				CLANG_CXX_LANGUAGE_STANDARD = "gnu++14";
				CLANG_CXX_LIBRARY = "libc++";
				CLANG_ENABLE_MODULES = YES;
				CLANG_ENABLE_OBJC_ARC = YES;
				CLANG_WARN_BLOCK_CAPTURE_AUTORELEASING = YES;
				CLANG_WARN_BOOL_CONVERSION = YES;
				CLANG_WARN_COMMA = YES;
				CLANG_WARN_CONSTANT_CONVERSION = YES;
				CLANG_WARN_DIRECT_OBJC_ISA_USAGE = YES_ERROR;
				CLANG_WARN_DOCUMENTATION_COMMENTS = YES;
				CLANG_WARN_EMPTY_BODY = YES;
				CLANG_WARN_ENUM_CONVERSION = YES;
				CLANG_WARN_INFINITE_RECURSION = YES;
				CLANG_WARN_INT_CONVERSION = YES;
				CLANG_WARN_NON_LITERAL_NULL_CONVERSION = YES;
				CLANG_WARN_OBJC_LITERAL_CONVERSION = YES;
				CLANG_WARN_OBJC_ROOT_CLASS = YES_ERROR;
				CLANG_WARN_RANGE_LOOP_ANALYSIS = YES;
				CLANG_WARN_STRICT_PROTOTYPES = YES;
				CLANG_WARN_SUSPICIOUS_MOVE = YES;
				CLANG_WARN_UNGUARDED_AVAILABILITY = YES_AGGRESSIVE;
				CLANG_WARN_UNREACHABLE_CODE = YES;
				CLANG_WARN__DUPLICATE_METHOD_MATCH = YES;
				CODE_SIGN_IDENTITY = "iPhone Developer";
				COPY_PHASE_STRIP = NO;
				DEBUG_INFORMATION_FORMAT = dwarf;
				ENABLE_STRICT_OBJC_MSGSEND = YES;
				ENABLE_TESTABILITY = YES;
				GCC_C_LANGUAGE_STANDARD = gnu11;
				GCC_DYNAMIC_NO_PIC = NO;
				GCC_NO_COMMON_BLOCKS = YES;
				GCC_OPTIMIZATION_LEVEL = 0;
				GCC_PREPROCESSOR_DEFINITIONS = (
					"DEBUG=1",
					"$(inherited)",
				);
				GCC_WARN_64_TO_32_BIT_CONVERSION = YES;
				GCC_WARN_ABOUT_RETURN_TYPE = YES_ERROR;
				GCC_WARN_UNDECLARED_SELECTOR = YES;
				GCC_WARN_UNINITIALIZED_AUTOS = YES_AGGRESSIVE;
				GCC_WARN_UNUSED_FUNCTION = YES;
				GCC_WARN_UNUSED_VARIABLE = YES;
				IPHONEOS_DEPLOYMENT_TARGET = 11.2;
				MTL_ENABLE_DEBUG_INFO = YES;
				ONLY_ACTIVE_ARCH = YES;
				SDKROOT = iphoneos;
			};
			name = Debug;
		};
		ADAD9E572063A1B100BACACE /* Release */ = {
			isa = XCBuildConfiguration;
			buildSettings = {
				ALWAYS_SEARCH_USER_PATHS = NO;
				CLANG_ANALYZER_NONNULL = YES;
				CLANG_ANALYZER_NUMBER_OBJECT_CONVERSION = YES_AGGRESSIVE;
				CLANG_CXX_LANGUAGE_STANDARD = "gnu++14";
				CLANG_CXX_LIBRARY = "libc++";
				CLANG_ENABLE_MODULES = YES;
				CLANG_ENABLE_OBJC_ARC = YES;
				CLANG_WARN_BLOCK_CAPTURE_AUTORELEASING = YES;
				CLANG_WARN_BOOL_CONVERSION = YES;
				CLANG_WARN_COMMA = YES;
				CLANG_WARN_CONSTANT_CONVERSION = YES;
				CLANG_WARN_DIRECT_OBJC_ISA_USAGE = YES_ERROR;
				CLANG_WARN_DOCUMENTATION_COMMENTS = YES;
				CLANG_WARN_EMPTY_BODY = YES;
				CLANG_WARN_ENUM_CONVERSION = YES;
				CLANG_WARN_INFINITE_RECURSION = YES;
				CLANG_WARN_INT_CONVERSION = YES;
				CLANG_WARN_NON_LITERAL_NULL_CONVERSION = YES;
				CLANG_WARN_OBJC_LITERAL_CONVERSION = YES;
				CLANG_WARN_OBJC_ROOT_CLASS = YES_ERROR;
				CLANG_WARN_RANGE_LOOP_ANALYSIS = YES;
				CLANG_WARN_STRICT_PROTOTYPES = YES;
				CLANG_WARN_SUSPICIOUS_MOVE = YES;
				CLANG_WARN_UNGUARDED_AVAILABILITY = YES_AGGRESSIVE;
				CLANG_WARN_UNREACHABLE_CODE = YES;
				CLANG_WARN__DUPLICATE_METHOD_MATCH = YES;
				CODE_SIGN_IDENTITY = "iPhone Developer";
				COPY_PHASE_STRIP = NO;
				DEBUG_INFORMATION_FORMAT = "dwarf-with-dsym";
				ENABLE_NS_ASSERTIONS = NO;
				ENABLE_STRICT_OBJC_MSGSEND = YES;
				GCC_C_LANGUAGE_STANDARD = gnu11;
				GCC_NO_COMMON_BLOCKS = YES;
				GCC_WARN_64_TO_32_BIT_CONVERSION = YES;
				GCC_WARN_ABOUT_RETURN_TYPE = YES_ERROR;
				GCC_WARN_UNDECLARED_SELECTOR = YES;
				GCC_WARN_UNINITIALIZED_AUTOS = YES_AGGRESSIVE;
				GCC_WARN_UNUSED_FUNCTION = YES;
				GCC_WARN_UNUSED_VARIABLE = YES;
				IPHONEOS_DEPLOYMENT_TARGET = 11.2;
				MTL_ENABLE_DEBUG_INFO = NO;
				SDKROOT = iphoneos;
				VALIDATE_PRODUCT = YES;
			};
			name = Release;
		};
		ADAD9E592063A1B100BACACE /* Debug */ = {
			isa = XCBuildConfiguration;
			buildSettings = {
				ASSETCATALOG_COMPILER_APPICON_NAME = AppIcon;
				CODE_SIGN_STYLE = Automatic;
				DEVELOPMENT_TEAM = PL9NCP8CG6;
				INFOPLIST_FILE = KeychainDemo/Info.plist;
				IPHONEOS_DEPLOYMENT_TARGET = 9.0;
				LD_RUNPATH_SEARCH_PATHS = "$(inherited) @executable_path/Frameworks";
				PRODUCT_BUNDLE_IDENTIFIER = com.ftsafe.KeychainDemo;
				PRODUCT_NAME = "$(TARGET_NAME)";
				TARGETED_DEVICE_FAMILY = "1,2";
			};
			name = Debug;
		};
		ADAD9E5A2063A1B100BACACE /* Release */ = {
			isa = XCBuildConfiguration;
			buildSettings = {
				ASSETCATALOG_COMPILER_APPICON_NAME = AppIcon;
				CODE_SIGN_STYLE = Automatic;
				DEVELOPMENT_TEAM = PL9NCP8CG6;
				INFOPLIST_FILE = KeychainDemo/Info.plist;
				IPHONEOS_DEPLOYMENT_TARGET = 9.0;
				LD_RUNPATH_SEARCH_PATHS = "$(inherited) @executable_path/Frameworks";
				PRODUCT_BUNDLE_IDENTIFIER = com.ftsafe.KeychainDemo;
				PRODUCT_NAME = "$(TARGET_NAME)";
				TARGETED_DEVICE_FAMILY = "1,2";
			};
			name = Release;
		};
/* End XCBuildConfiguration section */

/* Begin XCConfigurationList section */
		ADAD9E3D2063A1B100BACACE /* Build configuration list for PBXProject "KeychainDemo" */ = {
			isa = XCConfigurationList;
			buildConfigurations = (
				ADAD9E562063A1B100BACACE /* Debug */,
				ADAD9E572063A1B100BACACE /* Release */,
			);
			defaultConfigurationIsVisible = 0;
			defaultConfigurationName = Release;
		};
		ADAD9E582063A1B100BACACE /* Build configuration list for PBXNativeTarget "KeychainDemo" */ = {
			isa = XCConfigurationList;
			buildConfigurations = (
				ADAD9E592063A1B100BACACE /* Debug */,
				ADAD9E5A2063A1B100BACACE /* Release */,
			);
			defaultConfigurationIsVisible = 0;
			defaultConfigurationName = Release;
		};
/* End XCConfigurationList section */
	};
	rootObject = ADAD9E3A2063A1B100BACACE /* Project object */;
}
